
Microsoft Visual Studio Solution File, Format Version 12.00
# Visual Studio Version 17
VisualStudioVersion = 17.4.33213.308
MinimumVisualStudioVersion = 10.0.40219.1
Project("{FAE04EC0-301F-11D3-BF4B-00C04F79EFBC}") = "AdventOfCode2020", "AdventOfCode2020\AdventOfCode2020.csproj", "{66D5AC13-B8EC-4652-8654-7037F2B3777F}"
EndProject
Global
	GlobalSection(SolutionConfigurationPlatforms) = preSolution
		Debug|Any CPU = Debug|Any CPU
		Release|Any CPU = Release|Any CPU
	EndGlobalSection
	GlobalSection(ProjectConfigurationPlatforms) = postSolution
		{66D5AC13-B8EC-4652-8654-7037F2B3777F}.Debug|Any CPU.ActiveCfg = Debug|Any CPU
		{66D5AC13-B8EC-4652-8654-7037F2B3777F}.Debug|Any CPU.Build.0 = Debug|Any CPU
		{66D5AC13-B8EC-4652-8654-7037F2B3777F}.Release|Any CPU.ActiveCfg = Release|Any CPU
		{66D5AC13-B8EC-4652-8654-7037F2B3777F}.Release|Any CPU.Build.0 = Release|Any CPU
	EndGlobalSection
	GlobalSection(SolutionProperties) = preSolution
		HideSolutionNode = FALSE
	EndGlobalSection
	GlobalSection(ExtensibilityGlobals) = postSolution
		SolutionGuid = {753A6BA7-B61D-4F03-9DD2-5F83057F8B9B}
	EndGlobalSection
EndGlobal
