
Microsoft Visual Studio Solution File, Format Version 12.00
# Visual Studio Version 17
VisualStudioVersion = 17.4.33213.308
MinimumVisualStudioVersion = 10.0.40219.1
Project("{FAE04EC0-301F-11D3-BF4B-00C04F79EFBC}") = "ConsoleApp1", "ConsoleApp1\ConsoleApp1.csproj", "{710FF997-E7EE-44CD-9A79-719806C9ED37}"
EndProject
Global
	GlobalSection(SolutionConfigurationPlatforms) = preSolution
		Debug|Any CPU = Debug|Any CPU
		Release|Any CPU = Release|Any CPU
	EndGlobalSection
	GlobalSection(ProjectConfigurationPlatforms) = postSolution
		{710FF997-E7EE-44CD-9A79-719806C9ED37}.Debug|Any CPU.ActiveCfg = Debug|Any CPU
		{710FF997-E7EE-44CD-9A79-719806C9ED37}.Debug|Any CPU.Build.0 = Debug|Any CPU
		{710FF997-E7EE-44CD-9A79-719806C9ED37}.Release|Any CPU.ActiveCfg = Release|Any CPU
		{710FF997-E7EE-44CD-9A79-719806C9ED37}.Release|Any CPU.Build.0 = Release|Any CPU
	EndGlobalSection
	GlobalSection(SolutionProperties) = preSolution
		HideSolutionNode = FALSE
	EndGlobalSection
	GlobalSection(ExtensibilityGlobals) = postSolution
		SolutionGuid = {65034F14-A829-4F4F-A585-0F761B979CA0}
	EndGlobalSection
EndGlobal
